version: 1.0
shards:
  app:
    github: maiha/app.cr
    version: 0.5.0

  core-ext:
    github: maiha/core-ext.cr
    version: 0.3.0

  crc16:
    github: maiha/crc16.cr
    version: 0.1.0

  opts:
    github: maiha/opts.cr
    version: 0.6.0

  pcap:
    github: maiha/pcap.cr
    version: 0.5.0

  pool:
    github: ysbaddaden/pool
    version: 0.2.3

  pretty:
    github: maiha/pretty.cr
    version: 0.6.5

  redis:
    github: stefanwille/crystal-redis
    version: 2.1.0

  redis-cluster:
    github: maiha/redis-cluster.cr
    version: 0.8.0

  shard:
    github: maiha/shard.cr
    version: 0.3.0

  similar_logs:
    github: maiha/similar_logs.cr
    version: 0.1.0

  toml:
    github: maiha/crystal-toml
    commit: 34b3f1ae101ed62f2ba31889672c2f34d1e812d5

  toml-config:
    github: maiha/toml-config.cr
    version: 0.3.2

  try:
    github: maiha/try.cr
    version: 0.3.0

  var:
    github: maiha/var.cr
    version: 1.0.0

